
Microsoft Visual Studio Solution File, Format Version 12.00
# Visual Studio Version 17
VisualStudioVersion = 17.2.32602.215
MinimumVisualStudioVersion = 10.0.40219.1
Project("{FAE04EC0-301F-11D3-BF4B-00C04F79EFBC}") = "dns_web", "dns_web.csproj", "{BB1546D2-11E9-414E-ADA5-E398A1B58FEF}"
EndProject
Global
	GlobalSection(SolutionConfigurationPlatforms) = preSolution
		Debug|Any CPU = Debug|Any CPU
		Release|Any CPU = Release|Any CPU
	EndGlobalSection
	GlobalSection(ProjectConfigurationPlatforms) = postSolution
		{BB1546D2-11E9-414E-ADA5-E398A1B58FEF}.Debug|Any CPU.ActiveCfg = Debug|Any CPU
		{BB1546D2-11E9-414E-ADA5-E398A1B58FEF}.Debug|Any CPU.Build.0 = Debug|Any CPU
		{BB1546D2-11E9-414E-ADA5-E398A1B58FEF}.Release|Any CPU.ActiveCfg = Release|Any CPU
		{BB1546D2-11E9-414E-ADA5-E398A1B58FEF}.Release|Any CPU.Build.0 = Release|Any CPU
	EndGlobalSection
	GlobalSection(SolutionProperties) = preSolution
		HideSolutionNode = FALSE
	EndGlobalSection
	GlobalSection(ExtensibilityGlobals) = postSolution
		SolutionGuid = {8287B2F1-EA4C-43C9-BD56-DCAD54EF142F}
	EndGlobalSection
EndGlobal
